
Microsoft Visual Studio Solution File, Format Version 12.00
# Visual Studio Version 17
VisualStudioVersion = 17.0.31423.177
MinimumVisualStudioVersion = 10.0.40219.1
Project("{FAE04EC0-301F-11D3-BF4B-00C04F79EFBC}") = "ChiffresRomains", "ChiffresRomains\ChiffresRomains.csproj", "{6FB67433-6714-496F-B100-F1E955CB7BAB}"
EndProject
Project("{FAE04EC0-301F-11D3-BF4B-00C04F79EFBC}") = "ChiffresRomains.Tests", "ChiffresRomains.Tests\ChiffresRomains.Tests.csproj", "{20262241-BBDD-437D-A90E-76640F4B3039}"
	ProjectSection(ProjectDependencies) = postProject
		{6FB67433-6714-496F-B100-F1E955CB7BAB} = {6FB67433-6714-496F-B100-F1E955CB7BAB}
	EndProjectSection
EndProject
Global
	GlobalSection(SolutionConfigurationPlatforms) = preSolution
		Debug|Any CPU = Debug|Any CPU
		Release|Any CPU = Release|Any CPU
	EndGlobalSection
	GlobalSection(ProjectConfigurationPlatforms) = postSolution
		{6FB67433-6714-496F-B100-F1E955CB7BAB}.Debug|Any CPU.ActiveCfg = Debug|Any CPU
		{6FB67433-6714-496F-B100-F1E955CB7BAB}.Debug|Any CPU.Build.0 = Debug|Any CPU
		{6FB67433-6714-496F-B100-F1E955CB7BAB}.Release|Any CPU.ActiveCfg = Release|Any CPU
		{6FB67433-6714-496F-B100-F1E955CB7BAB}.Release|Any CPU.Build.0 = Release|Any CPU
		{20262241-BBDD-437D-A90E-76640F4B3039}.Debug|Any CPU.ActiveCfg = Debug|Any CPU
		{20262241-BBDD-437D-A90E-76640F4B3039}.Debug|Any CPU.Build.0 = Debug|Any CPU
		{20262241-BBDD-437D-A90E-76640F4B3039}.Release|Any CPU.ActiveCfg = Release|Any CPU
		{20262241-BBDD-437D-A90E-76640F4B3039}.Release|Any CPU.Build.0 = Release|Any CPU
	EndGlobalSection
	GlobalSection(SolutionProperties) = preSolution
		HideSolutionNode = FALSE
	EndGlobalSection
	GlobalSection(ExtensibilityGlobals) = postSolution
		SolutionGuid = {A7ECEABC-2C5A-4429-BB21-058577A17E3F}
	EndGlobalSection
EndGlobal
